{
  "version": 4,
  "terraform_version": "1.12.2",
  "serial": 192,
  "lineage": "878efa5f-be7f-8163-7781-cf281de6444c",
  "outputs": {
    "machine_ip": {
      "value": "143.198.9.56",
      "type": "string"
    }
  },
  "resources": [
    {
      "mode": "managed",
      "type": "digitalocean_droplet",
      "name": "aakhrif",
      "provider": "provider[\"registry.terraform.io/digitalocean/digitalocean\"]",
      "instances": [
        {
          "schema_version": 1,
          "attributes": {
            "backup_policy": [],
            "backups": false,
            "created_at": "2025-07-03T23:58:00Z",
            "disk": 50,
            "droplet_agent": null,
            "graceful_shutdown": false,
            "id": "505953101",
            "image": "ubuntu-20-04-x64",
            "ipv4_address": "143.198.9.56",
            "ipv4_address_private": "10.108.0.9",
            "ipv6": false,
            "ipv6_address": "",
            "locked": false,
            "memory": 2048,
            "monitoring": false,
            "name": "aakhrifs",
            "price_hourly": 0.01786,
            "price_monthly": 12,
            "private_networking": true,
            "region": "nyc3",
            "resize_disk": true,
            "size": "s-1vcpu-2gb",
            "ssh_keys": [
              "2f:b6:05:ca:13:f0:09:7f:5a:ae:40:3a:4c:a2:11:1e"
            ],
            "status": "active",
            "tags": null,
            "timeouts": null,
            "urn": "do:droplet:505953101",
            "user_data": null,
            "vcpus": 1,
            "volume_ids": [],
            "vpc_uuid": "0060a5da-47e0-4844-abbf-b31bad8194c6"
          },
          "sensitive_attributes": [],
          "identity_schema_version": 0,
          "private": "eyJlMmJmYjczMC1lY2FhLTExZTYtOGY4OC0zNDM2M2JjN2M0YzAiOnsiY3JlYXRlIjozNjAwMDAwMDAwMDAwLCJkZWxldGUiOjYwMDAwMDAwMDAwLCJ1cGRhdGUiOjM2MDAwMDAwMDAwMDB9LCJzY2hlbWFfdmVyc2lvbiI6IjEifQ=="
        }
      ]
    },
    {
      "mode": "managed",
      "type": "digitalocean_project",
      "name": "cloud-1",
      "provider": "provider[\"registry.terraform.io/digitalocean/digitalocean\"]",
      "instances": [
        {
          "schema_version": 0,
          "attributes": {
            "created_at": "2025-07-03T23:58:22Z",
            "description": "cloud-1 project",
            "environment": "",
            "id": "4578348e-9f69-43fc-9285-1581bf62f6da",
            "is_default": false,
            "name": "cloud-1",
            "owner_id": 23416458,
            "owner_uuid": "0bf39ef6-19ba-4d4e-b80c-0f224cf3d349",
            "purpose": "Web Application",
            "resources": [
              "do:droplet:505953101"
            ],
            "timeouts": null,
            "updated_at": "2025-07-03T23:58:22Z"
          },
          "sensitive_attributes": [],
          "identity_schema_version": 0,
          "private": "eyJlMmJmYjczMC1lY2FhLTExZTYtOGY4OC0zNDM2M2JjN2M0YzAiOnsiZGVsZXRlIjoxODAwMDAwMDAwMDB9fQ==",
          "dependencies": [
            "digitalocean_droplet.aakhrif"
          ]
        }
      ]
    }
  ],
  "check_results": null
}
